
Microsoft Visual Studio Solution File, Format Version 12.00
# Visual Studio Version 16
VisualStudioVersion = 16.0.30114.105
MinimumVisualStudioVersion = 10.0.40219.1
Project("{2150E333-8FDC-42A3-9474-1A3956D46DE8}") = "Homeworks", "Homeworks", "{DB68476C-8755-4C16-BDF7-B87A897F42ED}"
EndProject
Project("{2150E333-8FDC-42A3-9474-1A3956D46DE8}") = "Examples", "Examples", "{D5901673-6B39-4179-AFB2-85A059A5471F}"
EndProject
Project("{2150E333-8FDC-42A3-9474-1A3956D46DE8}") = "Solution Items", "Solution Items", "{B062DEC9-6D12-4A8D-B18C-6D187A601AAE}"
	ProjectSection(SolutionItems) = preProject
		.gitignore = .gitignore
		LICENSE = LICENSE
		README.md = README.md
	EndProjectSection
EndProject
Project("{2150E333-8FDC-42A3-9474-1A3956D46DE8}") = "docs", "docs", "{09F40E12-9A73-4443-93B4-26C610115584}"
	ProjectSection(SolutionItems) = preProject
		docs\additional-tasks.md = docs\additional-tasks.md
		docs\diploma.md = docs\diploma.md
		docs\homeworks.md = docs\homeworks.md
		docs\preparation.md = docs\preparation.md
	EndProjectSection
EndProject
Project("{2150E333-8FDC-42A3-9474-1A3956D46DE8}") = "dotnet", "dotnet", "{BF44E17E-430B-404A-81B3-D7F062355E8E}"
	ProjectSection(SolutionItems) = preProject
		docs\dotnet\async-await.md = docs\dotnet\async-await.md
		docs\dotnet\dependency-injection.md = docs\dotnet\dependency-injection.md
		docs\dotnet\ef-core.md = docs\dotnet\ef-core.md
		docs\dotnet\memory-notes.md = docs\dotnet\memory-notes.md
		docs\dotnet\pattern-options.md = docs\dotnet\pattern-options.md
	EndProjectSection
EndProject
Project("{FAE04EC0-301F-11D3-BF4B-00C04F79EFBC}") = "TeachMeSkills.DotNet.DateHandler", "src\Homeworks\TeachMeSkills.DotNet.DateHandler\TeachMeSkills.DotNet.DateHandler.csproj", "{FA695174-42F0-47BF-96B0-B91F1F96482B}"
EndProject
Project("{FAE04EC0-301F-11D3-BF4B-00C04F79EFBC}") = "TeachMeSkills.DotNet.DayHandler", "src\Homeworks\TeachMeSkills.DotNet.DayHandler\TeachMeSkills.DotNet.DayHandler.csproj", "{A153B318-9B89-48FD-9ABE-9DDDB28E6C29}"
EndProject
Project("{FAE04EC0-301F-11D3-BF4B-00C04F79EFBC}") = "TeachMeSkills.DotNet.TodoApp", "src\Homeworks\TeachMeSkills.DotNet.TodoApp\TeachMeSkills.DotNet.TodoApp.csproj", "{F328A419-A07D-4D8D-A1B8-2B42557EF73C}"
EndProject
Project("{FAE04EC0-301F-11D3-BF4B-00C04F79EFBC}") = "TeachMeSkills.DotNet.ZooManagement", "src\Homeworks\TeachMeSkills.DotNet.ZooManagement\TeachMeSkills.DotNet.ZooManagement.csproj", "{B59D10B2-0D0F-41E4-9D11-FA095A04C8BC}"
EndProject
Project("{FAE04EC0-301F-11D3-BF4B-00C04F79EFBC}") = "TeachMeSkills.DotNet.AtmManagement", "src\Homeworks\TeachMeSkills.DotNet.AtmManagement\TeachMeSkills.DotNet.AtmManagement.csproj", "{615A2CBF-96D1-4343-903D-A65D28C1646B}"
EndProject
Project("{2150E333-8FDC-42A3-9474-1A3956D46DE8}") = "Lessons", "Lessons", "{DD20150B-B0D6-4558-BC75-8F4094D6C05B}"
EndProject
Project("{FAE04EC0-301F-11D3-BF4B-00C04F79EFBC}") = "TeachMeSkills.DotNet.HelloWorld", "src\Homeworks\TeachMeSkills.DotNet.HelloWorld\TeachMeSkills.DotNet.HelloWorld.csproj", "{F75FF248-7E66-4FB4-9B2F-237424A2F49F}"
EndProject
Project("{FAE04EC0-301F-11D3-BF4B-00C04F79EFBC}") = "TeachMeSkills.DotNet.Lesson3", "src\Lessons\TeachMeSkills.DotNet.Lesson3\TeachMeSkills.DotNet.Lesson3.csproj", "{15028842-97A1-45D6-8359-3572611FCC75}"
EndProject
Project("{FAE04EC0-301F-11D3-BF4B-00C04F79EFBC}") = "TeachMeSkills.DotNet.Lesson4", "src\Lessons\TeachMeSkills.DotNet.Lesson4\TeachMeSkills.DotNet.Lesson4.csproj", "{5C698C52-44E7-4097-90F0-E282F8D06BC1}"
EndProject
Project("{FAE04EC0-301F-11D3-BF4B-00C04F79EFBC}") = "TeachMeSkills.DotNet.Lesson5", "src\Lessons\TeachMeSkills.DotNet.Lesson5\TeachMeSkills.DotNet.Lesson5.csproj", "{AC5EF007-F1AF-4CB3-9DFE-D1917235A2BA}"
EndProject
Project("{FAE04EC0-301F-11D3-BF4B-00C04F79EFBC}") = "TeachMeSkills.DotNet.RegexTask", "src\Examples\TeachMeSkills.DotNet.RegexTask\TeachMeSkills.DotNet.RegexTask.csproj", "{45B52A8D-D493-4051-8414-6A788573D62D}"
EndProject
Project("{FAE04EC0-301F-11D3-BF4B-00C04F79EFBC}") = "TeachMeSkills.DotNet.ReverseTask", "src\Examples\TeachMeSkills.DotNet.ReverseTask\TeachMeSkills.DotNet.ReverseTask.csproj", "{F05A1E68-4602-4D0B-B222-C7012860D579}"
EndProject
Project("{FAE04EC0-301F-11D3-BF4B-00C04F79EFBC}") = "TeachMeSkills.DotNet.Lesson6", "src\Lessons\TeachMeSkills.DotNet.Lesson6\TeachMeSkills.DotNet.Lesson6.csproj", "{3E21E3F9-716F-4CA5-B7CF-CE059530FE14}"
EndProject
Project("{9A19103F-16F7-4668-BE54-9A1E7A4F7556}") = "TeachMeSkills.DotNet.Lesson7", "src\Lessons\TeachMeSkills.DotNet.Lesson7\TeachMeSkills.DotNet.Lesson7.csproj", "{A6983DAA-E2C3-4390-AD9E-065345EB66AA}"
EndProject
Project("{9A19103F-16F7-4668-BE54-9A1E7A4F7556}") = "TeachMeSkills.DotNet.Lesson8", "src\Lessons\TeachMeSkills.DotNet.Lesson8\TeachMeSkills.DotNet.Lesson8.csproj", "{6F7081AA-4D69-4E4B-9D4F-E88022384B4B}"
EndProject
Project("{9A19103F-16F7-4668-BE54-9A1E7A4F7556}") = "TeachMeSkills.DotNet.DtoTask", "src\Examples\TeachMeSkills.DotNet.DtoTask\TeachMeSkills.DotNet.DtoTask.csproj", "{7B6C7151-3643-422D-AAFC-F5DA676AA720}"
EndProject
Project("{2150E333-8FDC-42A3-9474-1A3956D46DE8}") = "FitnessTracker", "FitnessTracker", "{7C3F6979-1B17-4E55-B41A-C81FBCA8D87D}"
EndProject
Project("{FAE04EC0-301F-11D3-BF4B-00C04F79EFBC}") = "TeachMeSkills.DotNet.FitnessTrackerCore", "src\Homeworks\FitnessTracker\TeachMeSkills.DotNet.FitnessTrackerCore\TeachMeSkills.DotNet.FitnessTrackerCore.csproj", "{6AC47D6E-537C-43DF-A3C2-FCAD059AB767}"
EndProject
Project("{FAE04EC0-301F-11D3-BF4B-00C04F79EFBC}") = "TeachMeSkills.DotNet.FitnessTrackerConsole", "src\Homeworks\FitnessTracker\TeachMeSkills.DotNet.FitnessTrackerConsole\TeachMeSkills.DotNet.FitnessTrackerConsole.csproj", "{EED7472E-9C3F-4CA5-BDC7-73421929A25D}"
EndProject
Global
	GlobalSection(SolutionConfigurationPlatforms) = preSolution
		Debug|Any CPU = Debug|Any CPU
		Release|Any CPU = Release|Any CPU
	EndGlobalSection
	GlobalSection(ProjectConfigurationPlatforms) = postSolution
		{FA695174-42F0-47BF-96B0-B91F1F96482B}.Debug|Any CPU.ActiveCfg = Debug|Any CPU
		{FA695174-42F0-47BF-96B0-B91F1F96482B}.Debug|Any CPU.Build.0 = Debug|Any CPU
		{FA695174-42F0-47BF-96B0-B91F1F96482B}.Release|Any CPU.ActiveCfg = Release|Any CPU
		{FA695174-42F0-47BF-96B0-B91F1F96482B}.Release|Any CPU.Build.0 = Release|Any CPU
		{A153B318-9B89-48FD-9ABE-9DDDB28E6C29}.Debug|Any CPU.ActiveCfg = Debug|Any CPU
		{A153B318-9B89-48FD-9ABE-9DDDB28E6C29}.Debug|Any CPU.Build.0 = Debug|Any CPU
		{A153B318-9B89-48FD-9ABE-9DDDB28E6C29}.Release|Any CPU.ActiveCfg = Release|Any CPU
		{A153B318-9B89-48FD-9ABE-9DDDB28E6C29}.Release|Any CPU.Build.0 = Release|Any CPU
		{F328A419-A07D-4D8D-A1B8-2B42557EF73C}.Debug|Any CPU.ActiveCfg = Debug|Any CPU
		{F328A419-A07D-4D8D-A1B8-2B42557EF73C}.Debug|Any CPU.Build.0 = Debug|Any CPU
		{F328A419-A07D-4D8D-A1B8-2B42557EF73C}.Release|Any CPU.ActiveCfg = Release|Any CPU
		{F328A419-A07D-4D8D-A1B8-2B42557EF73C}.Release|Any CPU.Build.0 = Release|Any CPU
		{B59D10B2-0D0F-41E4-9D11-FA095A04C8BC}.Debug|Any CPU.ActiveCfg = Debug|Any CPU
		{B59D10B2-0D0F-41E4-9D11-FA095A04C8BC}.Debug|Any CPU.Build.0 = Debug|Any CPU
		{B59D10B2-0D0F-41E4-9D11-FA095A04C8BC}.Release|Any CPU.ActiveCfg = Release|Any CPU
		{B59D10B2-0D0F-41E4-9D11-FA095A04C8BC}.Release|Any CPU.Build.0 = Release|Any CPU
		{615A2CBF-96D1-4343-903D-A65D28C1646B}.Debug|Any CPU.ActiveCfg = Debug|Any CPU
		{615A2CBF-96D1-4343-903D-A65D28C1646B}.Debug|Any CPU.Build.0 = Debug|Any CPU
		{615A2CBF-96D1-4343-903D-A65D28C1646B}.Release|Any CPU.ActiveCfg = Release|Any CPU
		{615A2CBF-96D1-4343-903D-A65D28C1646B}.Release|Any CPU.Build.0 = Release|Any CPU
		{F75FF248-7E66-4FB4-9B2F-237424A2F49F}.Debug|Any CPU.ActiveCfg = Debug|Any CPU
		{F75FF248-7E66-4FB4-9B2F-237424A2F49F}.Debug|Any CPU.Build.0 = Debug|Any CPU
		{F75FF248-7E66-4FB4-9B2F-237424A2F49F}.Release|Any CPU.ActiveCfg = Release|Any CPU
		{F75FF248-7E66-4FB4-9B2F-237424A2F49F}.Release|Any CPU.Build.0 = Release|Any CPU
		{15028842-97A1-45D6-8359-3572611FCC75}.Debug|Any CPU.ActiveCfg = Debug|Any CPU
		{15028842-97A1-45D6-8359-3572611FCC75}.Debug|Any CPU.Build.0 = Debug|Any CPU
		{15028842-97A1-45D6-8359-3572611FCC75}.Release|Any CPU.ActiveCfg = Release|Any CPU
		{15028842-97A1-45D6-8359-3572611FCC75}.Release|Any CPU.Build.0 = Release|Any CPU
		{5C698C52-44E7-4097-90F0-E282F8D06BC1}.Debug|Any CPU.ActiveCfg = Debug|Any CPU
		{5C698C52-44E7-4097-90F0-E282F8D06BC1}.Debug|Any CPU.Build.0 = Debug|Any CPU
		{5C698C52-44E7-4097-90F0-E282F8D06BC1}.Release|Any CPU.ActiveCfg = Release|Any CPU
		{5C698C52-44E7-4097-90F0-E282F8D06BC1}.Release|Any CPU.Build.0 = Release|Any CPU
		{AC5EF007-F1AF-4CB3-9DFE-D1917235A2BA}.Debug|Any CPU.ActiveCfg = Debug|Any CPU
		{AC5EF007-F1AF-4CB3-9DFE-D1917235A2BA}.Debug|Any CPU.Build.0 = Debug|Any CPU
		{AC5EF007-F1AF-4CB3-9DFE-D1917235A2BA}.Release|Any CPU.ActiveCfg = Release|Any CPU
		{AC5EF007-F1AF-4CB3-9DFE-D1917235A2BA}.Release|Any CPU.Build.0 = Release|Any CPU
		{45B52A8D-D493-4051-8414-6A788573D62D}.Debug|Any CPU.ActiveCfg = Debug|Any CPU
		{45B52A8D-D493-4051-8414-6A788573D62D}.Debug|Any CPU.Build.0 = Debug|Any CPU
		{45B52A8D-D493-4051-8414-6A788573D62D}.Release|Any CPU.ActiveCfg = Release|Any CPU
		{45B52A8D-D493-4051-8414-6A788573D62D}.Release|Any CPU.Build.0 = Release|Any CPU
		{F05A1E68-4602-4D0B-B222-C7012860D579}.Debug|Any CPU.ActiveCfg = Debug|Any CPU
		{F05A1E68-4602-4D0B-B222-C7012860D579}.Debug|Any CPU.Build.0 = Debug|Any CPU
		{F05A1E68-4602-4D0B-B222-C7012860D579}.Release|Any CPU.ActiveCfg = Release|Any CPU
		{F05A1E68-4602-4D0B-B222-C7012860D579}.Release|Any CPU.Build.0 = Release|Any CPU
		{3E21E3F9-716F-4CA5-B7CF-CE059530FE14}.Debug|Any CPU.ActiveCfg = Debug|Any CPU
		{3E21E3F9-716F-4CA5-B7CF-CE059530FE14}.Debug|Any CPU.Build.0 = Debug|Any CPU
		{3E21E3F9-716F-4CA5-B7CF-CE059530FE14}.Release|Any CPU.ActiveCfg = Release|Any CPU
		{3E21E3F9-716F-4CA5-B7CF-CE059530FE14}.Release|Any CPU.Build.0 = Release|Any CPU
		{A6983DAA-E2C3-4390-AD9E-065345EB66AA}.Debug|Any CPU.ActiveCfg = Debug|Any CPU
		{A6983DAA-E2C3-4390-AD9E-065345EB66AA}.Debug|Any CPU.Build.0 = Debug|Any CPU
		{A6983DAA-E2C3-4390-AD9E-065345EB66AA}.Release|Any CPU.ActiveCfg = Release|Any CPU
		{A6983DAA-E2C3-4390-AD9E-065345EB66AA}.Release|Any CPU.Build.0 = Release|Any CPU
		{6F7081AA-4D69-4E4B-9D4F-E88022384B4B}.Debug|Any CPU.ActiveCfg = Debug|Any CPU
		{6F7081AA-4D69-4E4B-9D4F-E88022384B4B}.Debug|Any CPU.Build.0 = Debug|Any CPU
		{6F7081AA-4D69-4E4B-9D4F-E88022384B4B}.Release|Any CPU.ActiveCfg = Release|Any CPU
		{6F7081AA-4D69-4E4B-9D4F-E88022384B4B}.Release|Any CPU.Build.0 = Release|Any CPU
		{7B6C7151-3643-422D-AAFC-F5DA676AA720}.Debug|Any CPU.ActiveCfg = Debug|Any CPU
		{7B6C7151-3643-422D-AAFC-F5DA676AA720}.Debug|Any CPU.Build.0 = Debug|Any CPU
		{7B6C7151-3643-422D-AAFC-F5DA676AA720}.Release|Any CPU.ActiveCfg = Release|Any CPU
		{7B6C7151-3643-422D-AAFC-F5DA676AA720}.Release|Any CPU.Build.0 = Release|Any CPU
		{6AC47D6E-537C-43DF-A3C2-FCAD059AB767}.Debug|Any CPU.ActiveCfg = Debug|Any CPU
		{6AC47D6E-537C-43DF-A3C2-FCAD059AB767}.Debug|Any CPU.Build.0 = Debug|Any CPU
		{6AC47D6E-537C-43DF-A3C2-FCAD059AB767}.Release|Any CPU.ActiveCfg = Release|Any CPU
		{6AC47D6E-537C-43DF-A3C2-FCAD059AB767}.Release|Any CPU.Build.0 = Release|Any CPU
		{EED7472E-9C3F-4CA5-BDC7-73421929A25D}.Debug|Any CPU.ActiveCfg = Debug|Any CPU
		{EED7472E-9C3F-4CA5-BDC7-73421929A25D}.Debug|Any CPU.Build.0 = Debug|Any CPU
		{EED7472E-9C3F-4CA5-BDC7-73421929A25D}.Release|Any CPU.ActiveCfg = Release|Any CPU
		{EED7472E-9C3F-4CA5-BDC7-73421929A25D}.Release|Any CPU.Build.0 = Release|Any CPU
	EndGlobalSection
	GlobalSection(SolutionProperties) = preSolution
		HideSolutionNode = FALSE
	EndGlobalSection
	GlobalSection(NestedProjects) = preSolution
		{09F40E12-9A73-4443-93B4-26C610115584} = {B062DEC9-6D12-4A8D-B18C-6D187A601AAE}
		{BF44E17E-430B-404A-81B3-D7F062355E8E} = {B062DEC9-6D12-4A8D-B18C-6D187A601AAE}
		{FA695174-42F0-47BF-96B0-B91F1F96482B} = {DB68476C-8755-4C16-BDF7-B87A897F42ED}
		{A153B318-9B89-48FD-9ABE-9DDDB28E6C29} = {DB68476C-8755-4C16-BDF7-B87A897F42ED}
		{F328A419-A07D-4D8D-A1B8-2B42557EF73C} = {DB68476C-8755-4C16-BDF7-B87A897F42ED}
		{B59D10B2-0D0F-41E4-9D11-FA095A04C8BC} = {DB68476C-8755-4C16-BDF7-B87A897F42ED}
		{615A2CBF-96D1-4343-903D-A65D28C1646B} = {DB68476C-8755-4C16-BDF7-B87A897F42ED}
		{F75FF248-7E66-4FB4-9B2F-237424A2F49F} = {DB68476C-8755-4C16-BDF7-B87A897F42ED}
		{15028842-97A1-45D6-8359-3572611FCC75} = {DD20150B-B0D6-4558-BC75-8F4094D6C05B}
		{5C698C52-44E7-4097-90F0-E282F8D06BC1} = {DD20150B-B0D6-4558-BC75-8F4094D6C05B}
		{AC5EF007-F1AF-4CB3-9DFE-D1917235A2BA} = {DD20150B-B0D6-4558-BC75-8F4094D6C05B}
		{45B52A8D-D493-4051-8414-6A788573D62D} = {D5901673-6B39-4179-AFB2-85A059A5471F}
		{F05A1E68-4602-4D0B-B222-C7012860D579} = {D5901673-6B39-4179-AFB2-85A059A5471F}
		{3E21E3F9-716F-4CA5-B7CF-CE059530FE14} = {DD20150B-B0D6-4558-BC75-8F4094D6C05B}
		{A6983DAA-E2C3-4390-AD9E-065345EB66AA} = {DD20150B-B0D6-4558-BC75-8F4094D6C05B}
		{6F7081AA-4D69-4E4B-9D4F-E88022384B4B} = {DD20150B-B0D6-4558-BC75-8F4094D6C05B}
		{7B6C7151-3643-422D-AAFC-F5DA676AA720} = {D5901673-6B39-4179-AFB2-85A059A5471F}
		{7C3F6979-1B17-4E55-B41A-C81FBCA8D87D} = {DB68476C-8755-4C16-BDF7-B87A897F42ED}
		{6AC47D6E-537C-43DF-A3C2-FCAD059AB767} = {7C3F6979-1B17-4E55-B41A-C81FBCA8D87D}
		{EED7472E-9C3F-4CA5-BDC7-73421929A25D} = {7C3F6979-1B17-4E55-B41A-C81FBCA8D87D}
	EndGlobalSection
	GlobalSection(ExtensibilityGlobals) = postSolution
		SolutionGuid = {20FF58D6-A4B3-4A14-98BB-50B00120F92B}
	EndGlobalSection
EndGlobal
