
Microsoft Visual Studio Solution File, Format Version 12.00
# Visual Studio Version 16
VisualStudioVersion = 16.0.30114.105
MinimumVisualStudioVersion = 10.0.40219.1
Project("{2150E333-8FDC-42A3-9474-1A3956D46DE8}") = "Lesson 1", "Lesson 1", "{B8A8B7CF-58DE-4234-A0C9-847A1185B6C6}"
EndProject
Project("{9A19103F-16F7-4668-BE54-9A1E7A4F7556}") = "TeachMeSkills.DotNet.Lesson1", "src\Lesson 1\TeachMeSkills.DotNet.Lesson1\TeachMeSkills.DotNet.Lesson1.csproj", "{0CE1D3CF-B43D-4293-AE4A-7A1031148A6A}"
EndProject
Project("{9A19103F-16F7-4668-BE54-9A1E7A4F7556}") = "TeachMeSkills.DotNet.Homework1", "src\Lesson 1\TeachMeSkills.DotNet.Homework1\TeachMeSkills.DotNet.Homework1.csproj", "{DDE00822-1698-4640-9256-F66BD5FDC895}"
EndProject
Project("{2150E333-8FDC-42A3-9474-1A3956D46DE8}") = "Lesson 2", "Lesson 2", "{498800EE-F4A1-47ED-B7B5-767AD5BB7BBD}"
EndProject
Project("{9A19103F-16F7-4668-BE54-9A1E7A4F7556}") = "TeachMeSkills.DotNet.Lesson2", "src\Lesson 2\TeachMeSkills.DotNet.Lesson2\TeachMeSkills.DotNet.Lesson2.csproj", "{5C16FA21-9392-4CAC-BCC2-CD4453018FDE}"
EndProject
Project("{9A19103F-16F7-4668-BE54-9A1E7A4F7556}") = "TeachMeSkills.DotNet.Homework2", "src\Lesson 2\TeachMeSkills.DotNet.Homework2\TeachMeSkills.DotNet.Homework2.csproj", "{8142DDEE-82E9-45E0-BA92-40F1E601EF58}"
EndProject
Project("{2150E333-8FDC-42A3-9474-1A3956D46DE8}") = "Lesson 3", "Lesson 3", "{5D8FD64B-F0F0-471F-9884-5ABD29C53E07}"
EndProject
Project("{9A19103F-16F7-4668-BE54-9A1E7A4F7556}") = "TeachMeSkills.DotNet.Lesson3", "src\Lesson 3\TeachMeSkills.DotNet.Lesson3\TeachMeSkills.DotNet.Lesson3.csproj", "{331B4886-FD8F-4E44-8623-F3708DDCC323}"
EndProject
Project("{9A19103F-16F7-4668-BE54-9A1E7A4F7556}") = "TeachMeSkills.DotNet.Homework3", "src\Lesson 3\TeachMeSkills.DotNet.Homework3\TeachMeSkills.DotNet.Homework3.csproj", "{FCFF2466-A5B0-4D39-8647-3C31F0D74CA8}"
EndProject
Project("{2150E333-8FDC-42A3-9474-1A3956D46DE8}") = "Lesson 4", "Lesson 4", "{84703574-632D-43CC-B760-410E051E84FD}"
EndProject
Project("{FAE04EC0-301F-11D3-BF4B-00C04F79EFBC}") = "TeachMeSkills.DotNet.Lesson4", "src\Lesson 4\TeachMeSkills.DotNet.Lesson4\TeachMeSkills.DotNet.Lesson4.csproj", "{FA694F23-4F28-4CF8-8F25-A9E8F7C1D4FC}"
EndProject
Global
	GlobalSection(SolutionConfigurationPlatforms) = preSolution
		Debug|Any CPU = Debug|Any CPU
		Release|Any CPU = Release|Any CPU
	EndGlobalSection
	GlobalSection(ProjectConfigurationPlatforms) = postSolution
		{0CE1D3CF-B43D-4293-AE4A-7A1031148A6A}.Debug|Any CPU.ActiveCfg = Debug|Any CPU
		{0CE1D3CF-B43D-4293-AE4A-7A1031148A6A}.Debug|Any CPU.Build.0 = Debug|Any CPU
		{0CE1D3CF-B43D-4293-AE4A-7A1031148A6A}.Release|Any CPU.ActiveCfg = Release|Any CPU
		{0CE1D3CF-B43D-4293-AE4A-7A1031148A6A}.Release|Any CPU.Build.0 = Release|Any CPU
		{DDE00822-1698-4640-9256-F66BD5FDC895}.Debug|Any CPU.ActiveCfg = Debug|Any CPU
		{DDE00822-1698-4640-9256-F66BD5FDC895}.Debug|Any CPU.Build.0 = Debug|Any CPU
		{DDE00822-1698-4640-9256-F66BD5FDC895}.Release|Any CPU.ActiveCfg = Release|Any CPU
		{DDE00822-1698-4640-9256-F66BD5FDC895}.Release|Any CPU.Build.0 = Release|Any CPU
		{5C16FA21-9392-4CAC-BCC2-CD4453018FDE}.Debug|Any CPU.ActiveCfg = Debug|Any CPU
		{5C16FA21-9392-4CAC-BCC2-CD4453018FDE}.Debug|Any CPU.Build.0 = Debug|Any CPU
		{5C16FA21-9392-4CAC-BCC2-CD4453018FDE}.Release|Any CPU.ActiveCfg = Release|Any CPU
		{5C16FA21-9392-4CAC-BCC2-CD4453018FDE}.Release|Any CPU.Build.0 = Release|Any CPU
		{8142DDEE-82E9-45E0-BA92-40F1E601EF58}.Debug|Any CPU.ActiveCfg = Debug|Any CPU
		{8142DDEE-82E9-45E0-BA92-40F1E601EF58}.Debug|Any CPU.Build.0 = Debug|Any CPU
		{8142DDEE-82E9-45E0-BA92-40F1E601EF58}.Release|Any CPU.ActiveCfg = Release|Any CPU
		{8142DDEE-82E9-45E0-BA92-40F1E601EF58}.Release|Any CPU.Build.0 = Release|Any CPU
		{331B4886-FD8F-4E44-8623-F3708DDCC323}.Debug|Any CPU.ActiveCfg = Debug|Any CPU
		{331B4886-FD8F-4E44-8623-F3708DDCC323}.Debug|Any CPU.Build.0 = Debug|Any CPU
		{331B4886-FD8F-4E44-8623-F3708DDCC323}.Release|Any CPU.ActiveCfg = Release|Any CPU
		{331B4886-FD8F-4E44-8623-F3708DDCC323}.Release|Any CPU.Build.0 = Release|Any CPU
		{FCFF2466-A5B0-4D39-8647-3C31F0D74CA8}.Debug|Any CPU.ActiveCfg = Debug|Any CPU
		{FCFF2466-A5B0-4D39-8647-3C31F0D74CA8}.Debug|Any CPU.Build.0 = Debug|Any CPU
		{FCFF2466-A5B0-4D39-8647-3C31F0D74CA8}.Release|Any CPU.ActiveCfg = Release|Any CPU
		{FCFF2466-A5B0-4D39-8647-3C31F0D74CA8}.Release|Any CPU.Build.0 = Release|Any CPU
		{FA694F23-4F28-4CF8-8F25-A9E8F7C1D4FC}.Debug|Any CPU.ActiveCfg = Debug|Any CPU
		{FA694F23-4F28-4CF8-8F25-A9E8F7C1D4FC}.Debug|Any CPU.Build.0 = Debug|Any CPU
		{FA694F23-4F28-4CF8-8F25-A9E8F7C1D4FC}.Release|Any CPU.ActiveCfg = Release|Any CPU
		{FA694F23-4F28-4CF8-8F25-A9E8F7C1D4FC}.Release|Any CPU.Build.0 = Release|Any CPU
	EndGlobalSection
	GlobalSection(SolutionProperties) = preSolution
		HideSolutionNode = FALSE
	EndGlobalSection
	GlobalSection(NestedProjects) = preSolution
		{0CE1D3CF-B43D-4293-AE4A-7A1031148A6A} = {B8A8B7CF-58DE-4234-A0C9-847A1185B6C6}
		{DDE00822-1698-4640-9256-F66BD5FDC895} = {B8A8B7CF-58DE-4234-A0C9-847A1185B6C6}
		{5C16FA21-9392-4CAC-BCC2-CD4453018FDE} = {498800EE-F4A1-47ED-B7B5-767AD5BB7BBD}
		{8142DDEE-82E9-45E0-BA92-40F1E601EF58} = {498800EE-F4A1-47ED-B7B5-767AD5BB7BBD}
		{331B4886-FD8F-4E44-8623-F3708DDCC323} = {5D8FD64B-F0F0-471F-9884-5ABD29C53E07}
		{FCFF2466-A5B0-4D39-8647-3C31F0D74CA8} = {5D8FD64B-F0F0-471F-9884-5ABD29C53E07}
		{FA694F23-4F28-4CF8-8F25-A9E8F7C1D4FC} = {84703574-632D-43CC-B760-410E051E84FD}
	EndGlobalSection
	GlobalSection(ExtensibilityGlobals) = postSolution
		SolutionGuid = {20FF58D6-A4B3-4A14-98BB-50B00120F92B}
	EndGlobalSection
EndGlobal
